// !$*UTF8*$!
{
	archiveVersion = 1;
	classes = {
	};
	objectVersion = 50;
	objects = {

/* Begin PBXBuildFile section */
		3ED0E6A5DBD95978283FB47B /* Pods_ToDoList.framework in Frameworks */ = {isa = PBXBuildFile; fileRef = 02D2F7E7DDEE51A8368F9997 /* Pods_ToDoList.framework */; };
		CD0858ED2282318300BFC0B6 /* AppDelegate.swift in Sources */ = {isa = PBXBuildFile; fileRef = CD0858EC2282318300BFC0B6 /* AppDelegate.swift */; };
		CD0858EF2282318300BFC0B6 /* ToDoListViewController.swift in Sources */ = {isa = PBXBuildFile; fileRef = CD0858EE2282318300BFC0B6 /* ToDoListViewController.swift */; };
		CD0858F22282318300BFC0B6 /* Main.storyboard in Resources */ = {isa = PBXBuildFile; fileRef = CD0858F02282318300BFC0B6 /* Main.storyboard */; };
		CD0858F42282318500BFC0B6 /* Assets.xcassets in Resources */ = {isa = PBXBuildFile; fileRef = CD0858F32282318500BFC0B6 /* Assets.xcassets */; };
		CD0858F72282318500BFC0B6 /* LaunchScreen.storyboard in Resources */ = {isa = PBXBuildFile; fileRef = CD0858F52282318500BFC0B6 /* LaunchScreen.storyboard */; };
		CDF8607622872B6F00CE5492 /* CategoryViewController.swift in Sources */ = {isa = PBXBuildFile; fileRef = CDF8607522872B6F00CE5492 /* CategoryViewController.swift */; };
		CDF8607A2287B20F00CE5492 /* Item.swift in Sources */ = {isa = PBXBuildFile; fileRef = CDF860792287B20F00CE5492 /* Item.swift */; };
		CDF8607C2287B22600CE5492 /* Category.swift in Sources */ = {isa = PBXBuildFile; fileRef = CDF8607B2287B22600CE5492 /* Category.swift */; };
		CDF8607E2288632A00CE5492 /* SwipeTableViewController.swift in Sources */ = {isa = PBXBuildFile; fileRef = CDF8607D2288632A00CE5492 /* SwipeTableViewController.swift */; };
/* End PBXBuildFile section */

/* Begin PBXFileReference section */
		02D2F7E7DDEE51A8368F9997 /* Pods_ToDoList.framework */ = {isa = PBXFileReference; explicitFileType = wrapper.framework; includeInIndex = 0; path = Pods_ToDoList.framework; sourceTree = BUILT_PRODUCTS_DIR; };
		0316944FAD41955BE7E4CAE3 /* Pods-ToDoList.release.xcconfig */ = {isa = PBXFileReference; includeInIndex = 1; lastKnownFileType = text.xcconfig; name = "Pods-ToDoList.release.xcconfig"; path = "Target Support Files/Pods-ToDoList/Pods-ToDoList.release.xcconfig"; sourceTree = "<group>"; };
		CD0858E92282318300BFC0B6 /* ToDoList.app */ = {isa = PBXFileReference; explicitFileType = wrapper.application; includeInIndex = 0; path = ToDoList.app; sourceTree = BUILT_PRODUCTS_DIR; };
		CD0858EC2282318300BFC0B6 /* AppDelegate.swift */ = {isa = PBXFileReference; lastKnownFileType = sourcecode.swift; path = AppDelegate.swift; sourceTree = "<group>"; };
		CD0858EE2282318300BFC0B6 /* ToDoListViewController.swift */ = {isa = PBXFileReference; lastKnownFileType = sourcecode.swift; path = ToDoListViewController.swift; sourceTree = "<group>"; };
		CD0858F12282318300BFC0B6 /* Base */ = {isa = PBXFileReference; lastKnownFileType = file.storyboard; name = Base; path = Base.lproj/Main.storyboard; sourceTree = "<group>"; };
		CD0858F32282318500BFC0B6 /* Assets.xcassets */ = {isa = PBXFileReference; lastKnownFileType = folder.assetcatalog; path = Assets.xcassets; sourceTree = "<group>"; };
		CD0858F62282318500BFC0B6 /* Base */ = {isa = PBXFileReference; lastKnownFileType = file.storyboard; name = Base; path = Base.lproj/LaunchScreen.storyboard; sourceTree = "<group>"; };
		CD0858F82282318500BFC0B6 /* Info.plist */ = {isa = PBXFileReference; lastKnownFileType = text.plist.xml; path = Info.plist; sourceTree = "<group>"; };
		CDF8607522872B6F00CE5492 /* CategoryViewController.swift */ = {isa = PBXFileReference; lastKnownFileType = sourcecode.swift; path = CategoryViewController.swift; sourceTree = "<group>"; };
		CDF860792287B20F00CE5492 /* Item.swift */ = {isa = PBXFileReference; lastKnownFileType = sourcecode.swift; path = Item.swift; sourceTree = "<group>"; };
		CDF8607B2287B22600CE5492 /* Category.swift */ = {isa = PBXFileReference; lastKnownFileType = sourcecode.swift; path = Category.swift; sourceTree = "<group>"; };
		CDF8607D2288632A00CE5492 /* SwipeTableViewController.swift */ = {isa = PBXFileReference; lastKnownFileType = sourcecode.swift; path = SwipeTableViewController.swift; sourceTree = "<group>"; };
		D0AD918AA259B2847160CF6F /* Pods-ToDoList.debug.xcconfig */ = {isa = PBXFileReference; includeInIndex = 1; lastKnownFileType = text.xcconfig; name = "Pods-ToDoList.debug.xcconfig"; path = "Target Support Files/Pods-ToDoList/Pods-ToDoList.debug.xcconfig"; sourceTree = "<group>"; };
/* End PBXFileReference section */

/* Begin PBXFrameworksBuildPhase section */
		CD0858E62282318300BFC0B6 /* Frameworks */ = {
			isa = PBXFrameworksBuildPhase;
			buildActionMask = 2147483647;
			files = (
				3ED0E6A5DBD95978283FB47B /* Pods_ToDoList.framework in Frameworks */,
			);
			runOnlyForDeploymentPostprocessing = 0;
		};
/* End PBXFrameworksBuildPhase section */

/* Begin PBXGroup section */
		1047404EF90FA51FB77C315E /* Pods */ = {
			isa = PBXGroup;
			children = (
				D0AD918AA259B2847160CF6F /* Pods-ToDoList.debug.xcconfig */,
				0316944FAD41955BE7E4CAE3 /* Pods-ToDoList.release.xcconfig */,
			);
			path = Pods;
			sourceTree = "<group>";
		};
		8F8712A96F7AD97485062151 /* Frameworks */ = {
			isa = PBXGroup;
			children = (
				02D2F7E7DDEE51A8368F9997 /* Pods_ToDoList.framework */,
			);
			name = Frameworks;
			sourceTree = "<group>";
		};
		CD0858E02282318300BFC0B6 = {
			isa = PBXGroup;
			children = (
				CD0858EB2282318300BFC0B6 /* ToDoList */,
				CD0858EA2282318300BFC0B6 /* Products */,
				1047404EF90FA51FB77C315E /* Pods */,
				8F8712A96F7AD97485062151 /* Frameworks */,
			);
			sourceTree = "<group>";
		};
		CD0858EA2282318300BFC0B6 /* Products */ = {
			isa = PBXGroup;
			children = (
				CD0858E92282318300BFC0B6 /* ToDoList.app */,
			);
			name = Products;
			sourceTree = "<group>";
		};
		CD0858EB2282318300BFC0B6 /* ToDoList */ = {
			isa = PBXGroup;
			children = (
				CD0858EC2282318300BFC0B6 /* AppDelegate.swift */,
				CD085901228267E400BFC0B6 /* Controllers */,
				CD085900228267AE00BFC0B6 /* Data Model */,
				CD085902228267F000BFC0B6 /* Views */,
				CD0859032282682F00BFC0B6 /* Supporting Files */,
				CD0858F82282318500BFC0B6 /* Info.plist */,
			);
			path = ToDoList;
			sourceTree = "<group>";
		};
		CD085900228267AE00BFC0B6 /* Data Model */ = {
			isa = PBXGroup;
			children = (
				CDF8607B2287B22600CE5492 /* Category.swift */,
				CDF860792287B20F00CE5492 /* Item.swift */,
			);
			path = "Data Model";
			sourceTree = "<group>";
		};
		CD085901228267E400BFC0B6 /* Controllers */ = {
			isa = PBXGroup;
			children = (
				CDF8607522872B6F00CE5492 /* CategoryViewController.swift */,
				CD0858EE2282318300BFC0B6 /* ToDoListViewController.swift */,
				CDF8607D2288632A00CE5492 /* SwipeTableViewController.swift */,
			);
			path = Controllers;
			sourceTree = "<group>";
		};
		CD085902228267F000BFC0B6 /* Views */ = {
			isa = PBXGroup;
			children = (
				CD0858F02282318300BFC0B6 /* Main.storyboard */,
			);
			path = Views;
			sourceTree = "<group>";
		};
		CD0859032282682F00BFC0B6 /* Supporting Files */ = {
			isa = PBXGroup;
			children = (
				CD0858F32282318500BFC0B6 /* Assets.xcassets */,
				CD0858F52282318500BFC0B6 /* LaunchScreen.storyboard */,
			);
			path = "Supporting Files";
			sourceTree = "<group>";
		};
/* End PBXGroup section */

/* Begin PBXNativeTarget section */
		CD0858E82282318300BFC0B6 /* ToDoList */ = {
			isa = PBXNativeTarget;
			buildConfigurationList = CD0858FB2282318500BFC0B6 /* Build configuration list for PBXNativeTarget "ToDoList" */;
			buildPhases = (
				1291B13C056D67EE0FBE8B4A /* [CP] Check Pods Manifest.lock */,
				CD0858E52282318300BFC0B6 /* Sources */,
				CD0858E62282318300BFC0B6 /* Frameworks */,
				CD0858E72282318300BFC0B6 /* Resources */,
				6190161DD6C687712722A517 /* [CP] Embed Pods Frameworks */,
			);
			buildRules = (
			);
			dependencies = (
			);
			name = ToDoList;
			productName = ToDoList;
			productReference = CD0858E92282318300BFC0B6 /* ToDoList.app */;
			productType = "com.apple.product-type.application";
		};
/* End PBXNativeTarget section */

/* Begin PBXProject section */
		CD0858E12282318300BFC0B6 /* Project object */ = {
			isa = PBXProject;
			attributes = {
				LastSwiftUpdateCheck = 1020;
				LastUpgradeCheck = 1020;
				ORGANIZATIONNAME = AnyoneCanInvest;
				TargetAttributes = {
					CD0858E82282318300BFC0B6 = {
						CreatedOnToolsVersion = 10.2.1;
					};
				};
			};
			buildConfigurationList = CD0858E42282318300BFC0B6 /* Build configuration list for PBXProject "ToDoList" */;
			compatibilityVersion = "Xcode 9.3";
			developmentRegion = en;
			hasScannedForEncodings = 0;
			knownRegions = (
				en,
				Base,
			);
			mainGroup = CD0858E02282318300BFC0B6;
			productRefGroup = CD0858EA2282318300BFC0B6 /* Products */;
			projectDirPath = "";
			projectRoot = "";
			targets = (
				CD0858E82282318300BFC0B6 /* ToDoList */,
			);
		};
/* End PBXProject section */

/* Begin PBXResourcesBuildPhase section */
		CD0858E72282318300BFC0B6 /* Resources */ = {
			isa = PBXResourcesBuildPhase;
			buildActionMask = 2147483647;
			files = (
				CD0858F72282318500BFC0B6 /* LaunchScreen.storyboard in Resources */,
				CD0858F42282318500BFC0B6 /* Assets.xcassets in Resources */,
				CD0858F22282318300BFC0B6 /* Main.storyboard in Resources */,
			);
			runOnlyForDeploymentPostprocessing = 0;
		};
/* End PBXResourcesBuildPhase section */

/* Begin PBXShellScriptBuildPhase section */
		1291B13C056D67EE0FBE8B4A /* [CP] Check Pods Manifest.lock */ = {
			isa = PBXShellScriptBuildPhase;
			buildActionMask = 2147483647;
			files = (
			);
			inputFileListPaths = (
			);
			inputPaths = (
				"${PODS_PODFILE_DIR_PATH}/Podfile.lock",
				"${PODS_ROOT}/Manifest.lock",
			);
			name = "[CP] Check Pods Manifest.lock";
			outputFileListPaths = (
			);
			outputPaths = (
				"$(DERIVED_FILE_DIR)/Pods-ToDoList-checkManifestLockResult.txt",
			);
			runOnlyForDeploymentPostprocessing = 0;
			shellPath = /bin/sh;
			shellScript = "diff \"${PODS_PODFILE_DIR_PATH}/Podfile.lock\" \"${PODS_ROOT}/Manifest.lock\" > /dev/null\nif [ $? != 0 ] ; then\n    # print error to STDERR\n    echo \"error: The sandbox is not in sync with the Podfile.lock. Run 'pod install' or update your CocoaPods installation.\" >&2\n    exit 1\nfi\n# This output is used by Xcode 'outputs' to avoid re-running this script phase.\necho \"SUCCESS\" > \"${SCRIPT_OUTPUT_FILE_0}\"\n";
			showEnvVarsInLog = 0;
		};
		6190161DD6C687712722A517 /* [CP] Embed Pods Frameworks */ = {
			isa = PBXShellScriptBuildPhase;
			buildActionMask = 2147483647;
			files = (
			);
			inputFileListPaths = (
			);
			inputPaths = (
				"${PODS_ROOT}/Target Support Files/Pods-ToDoList/Pods-ToDoList-frameworks.sh",
				"${BUILT_PRODUCTS_DIR}/Realm/Realm.framework",
				"${BUILT_PRODUCTS_DIR}/RealmSwift/RealmSwift.framework",
				"${BUILT_PRODUCTS_DIR}/SwipeCellKit/SwipeCellKit.framework",
			);
			name = "[CP] Embed Pods Frameworks";
			outputFileListPaths = (
			);
			outputPaths = (
				"${TARGET_BUILD_DIR}/${FRAMEWORKS_FOLDER_PATH}/Realm.framework",
				"${TARGET_BUILD_DIR}/${FRAMEWORKS_FOLDER_PATH}/RealmSwift.framework",
				"${TARGET_BUILD_DIR}/${FRAMEWORKS_FOLDER_PATH}/SwipeCellKit.framework",
			);
			runOnlyForDeploymentPostprocessing = 0;
			shellPath = /bin/sh;
			shellScript = "\"${PODS_ROOT}/Target Support Files/Pods-ToDoList/Pods-ToDoList-frameworks.sh\"\n";
			showEnvVarsInLog = 0;
		};
/* End PBXShellScriptBuildPhase section */

/* Begin PBXSourcesBuildPhase section */
		CD0858E52282318300BFC0B6 /* Sources */ = {
			isa = PBXSourcesBuildPhase;
			buildActionMask = 2147483647;
			files = (
				CDF8607A2287B20F00CE5492 /* Item.swift in Sources */,
				CDF8607622872B6F00CE5492 /* CategoryViewController.swift in Sources */,
				CD0858EF2282318300BFC0B6 /* ToDoListViewController.swift in Sources */,
				CD0858ED2282318300BFC0B6 /* AppDelegate.swift in Sources */,
				CDF8607E2288632A00CE5492 /* SwipeTableViewController.swift in Sources */,
				CDF8607C2287B22600CE5492 /* Category.swift in Sources */,
			);
			runOnlyForDeploymentPostprocessing = 0;
		};
/* End PBXSourcesBuildPhase section */

/* Begin PBXVariantGroup section */
		CD0858F02282318300BFC0B6 /* Main.storyboard */ = {
			isa = PBXVariantGroup;
			children = (
				CD0858F12282318300BFC0B6 /* Base */,
			);
			name = Main.storyboard;
			sourceTree = "<group>";
		};
		CD0858F52282318500BFC0B6 /* LaunchScreen.storyboard */ = {
			isa = PBXVariantGroup;
			children = (
				CD0858F62282318500BFC0B6 /* Base */,
			);
			name = LaunchScreen.storyboard;
			sourceTree = "<group>";
		};
/* End PBXVariantGroup section */

/* Begin XCBuildConfiguration section */
		CD0858F92282318500BFC0B6 /* Debug */ = {
			isa = XCBuildConfiguration;
			buildSettings = {
				ALWAYS_SEARCH_USER_PATHS = NO;
				CLANG_ANALYZER_NONNULL = YES;
				CLANG_ANALYZER_NUMBER_OBJECT_CONVERSION = YES_AGGRESSIVE;
				CLANG_CXX_LANGUAGE_STANDARD = "gnu++14";
				CLANG_CXX_LIBRARY = "libc++";
				CLANG_ENABLE_MODULES = YES;
				CLANG_ENABLE_OBJC_ARC = YES;
				CLANG_ENABLE_OBJC_WEAK = YES;
				CLANG_WARN_BLOCK_CAPTURE_AUTORELEASING = YES;
				CLANG_WARN_BOOL_CONVERSION = YES;
				CLANG_WARN_COMMA = YES;
				CLANG_WARN_CONSTANT_CONVERSION = YES;
				CLANG_WARN_DEPRECATED_OBJC_IMPLEMENTATIONS = YES;
				CLANG_WARN_DIRECT_OBJC_ISA_USAGE = YES_ERROR;
				CLANG_WARN_DOCUMENTATION_COMMENTS = YES;
				CLANG_WARN_EMPTY_BODY = YES;
				CLANG_WARN_ENUM_CONVERSION = YES;
				CLANG_WARN_INFINITE_RECURSION = YES;
				CLANG_WARN_INT_CONVERSION = YES;
				CLANG_WARN_NON_LITERAL_NULL_CONVERSION = YES;
				CLANG_WARN_OBJC_IMPLICIT_RETAIN_SELF = YES;
				CLANG_WARN_OBJC_LITERAL_CONVERSION = YES;
				CLANG_WARN_OBJC_ROOT_CLASS = YES_ERROR;
				CLANG_WARN_RANGE_LOOP_ANALYSIS = YES;
				CLANG_WARN_STRICT_PROTOTYPES = YES;
				CLANG_WARN_SUSPICIOUS_MOVE = YES;
				CLANG_WARN_UNGUARDED_AVAILABILITY = YES_AGGRESSIVE;
				CLANG_WARN_UNREACHABLE_CODE = YES;
				CLANG_WARN__DUPLICATE_METHOD_MATCH = YES;
				CODE_SIGN_IDENTITY = "iPhone Developer";
				COPY_PHASE_STRIP = NO;
				DEBUG_INFORMATION_FORMAT = dwarf;
				ENABLE_STRICT_OBJC_MSGSEND = YES;
				ENABLE_TESTABILITY = YES;
				GCC_C_LANGUAGE_STANDARD = gnu11;
				GCC_DYNAMIC_NO_PIC = NO;
				GCC_NO_COMMON_BLOCKS = YES;
				GCC_OPTIMIZATION_LEVEL = 0;
				GCC_PREPROCESSOR_DEFINITIONS = (
					"DEBUG=1",
					"$(inherited)",
				);
				GCC_WARN_64_TO_32_BIT_CONVERSION = YES;
				GCC_WARN_ABOUT_RETURN_TYPE = YES_ERROR;
				GCC_WARN_UNDECLARED_SELECTOR = YES;
				GCC_WARN_UNINITIALIZED_AUTOS = YES_AGGRESSIVE;
				GCC_WARN_UNUSED_FUNCTION = YES;
				GCC_WARN_UNUSED_VARIABLE = YES;
				IPHONEOS_DEPLOYMENT_TARGET = 12.2;
				MTL_ENABLE_DEBUG_INFO = INCLUDE_SOURCE;
				MTL_FAST_MATH = YES;
				ONLY_ACTIVE_ARCH = YES;
				SDKROOT = iphoneos;
				SWIFT_ACTIVE_COMPILATION_CONDITIONS = DEBUG;
				SWIFT_OPTIMIZATION_LEVEL = "-Onone";
			};
			name = Debug;
		};
		CD0858FA2282318500BFC0B6 /* Release */ = {
			isa = XCBuildConfiguration;
			buildSettings = {
				ALWAYS_SEARCH_USER_PATHS = NO;
				CLANG_ANALYZER_NONNULL = YES;
				CLANG_ANALYZER_NUMBER_OBJECT_CONVERSION = YES_AGGRESSIVE;
				CLANG_CXX_LANGUAGE_STANDARD = "gnu++14";
				CLANG_CXX_LIBRARY = "libc++";
				CLANG_ENABLE_MODULES = YES;
				CLANG_ENABLE_OBJC_ARC = YES;
				CLANG_ENABLE_OBJC_WEAK = YES;
				CLANG_WARN_BLOCK_CAPTURE_AUTORELEASING = YES;
				CLANG_WARN_BOOL_CONVERSION = YES;
				CLANG_WARN_COMMA = YES;
				CLANG_WARN_CONSTANT_CONVERSION = YES;
				CLANG_WARN_DEPRECATED_OBJC_IMPLEMENTATIONS = YES;
				CLANG_WARN_DIRECT_OBJC_ISA_USAGE = YES_ERROR;
				CLANG_WARN_DOCUMENTATION_COMMENTS = YES;
				CLANG_WARN_EMPTY_BODY = YES;
				CLANG_WARN_ENUM_CONVERSION = YES;
				CLANG_WARN_INFINITE_RECURSION = YES;
				CLANG_WARN_INT_CONVERSION = YES;
				CLANG_WARN_NON_LITERAL_NULL_CONVERSION = YES;
				CLANG_WARN_OBJC_IMPLICIT_RETAIN_SELF = YES;
				CLANG_WARN_OBJC_LITERAL_CONVERSION = YES;
				CLANG_WARN_OBJC_ROOT_CLASS = YES_ERROR;
				CLANG_WARN_RANGE_LOOP_ANALYSIS = YES;
				CLANG_WARN_STRICT_PROTOTYPES = YES;
				CLANG_WARN_SUSPICIOUS_MOVE = YES;
				CLANG_WARN_UNGUARDED_AVAILABILITY = YES_AGGRESSIVE;
				CLANG_WARN_UNREACHABLE_CODE = YES;
				CLANG_WARN__DUPLICATE_METHOD_MATCH = YES;
				CODE_SIGN_IDENTITY = "iPhone Developer";
				COPY_PHASE_STRIP = NO;
				DEBUG_INFORMATION_FORMAT = "dwarf-with-dsym";
				ENABLE_NS_ASSERTIONS = NO;
				ENABLE_STRICT_OBJC_MSGSEND = YES;
				GCC_C_LANGUAGE_STANDARD = gnu11;
				GCC_NO_COMMON_BLOCKS = YES;
				GCC_WARN_64_TO_32_BIT_CONVERSION = YES;
				GCC_WARN_ABOUT_RETURN_TYPE = YES_ERROR;
				GCC_WARN_UNDECLARED_SELECTOR = YES;
				GCC_WARN_UNINITIALIZED_AUTOS = YES_AGGRESSIVE;
				GCC_WARN_UNUSED_FUNCTION = YES;
				GCC_WARN_UNUSED_VARIABLE = YES;
				IPHONEOS_DEPLOYMENT_TARGET = 12.2;
				MTL_ENABLE_DEBUG_INFO = NO;
				MTL_FAST_MATH = YES;
				SDKROOT = iphoneos;
				SWIFT_COMPILATION_MODE = wholemodule;
				SWIFT_OPTIMIZATION_LEVEL = "-O";
				VALIDATE_PRODUCT = YES;
			};
			name = Release;
		};
		CD0858FC2282318500BFC0B6 /* Debug */ = {
			isa = XCBuildConfiguration;
			baseConfigurationReference = D0AD918AA259B2847160CF6F /* Pods-ToDoList.debug.xcconfig */;
			buildSettings = {
				ASSETCATALOG_COMPILER_APPICON_NAME = AppIcon;
				CODE_SIGN_STYLE = Automatic;
				DEVELOPMENT_TEAM = BM593WNADM;
				INFOPLIST_FILE = ToDoList/Info.plist;
				LD_RUNPATH_SEARCH_PATHS = (
					"$(inherited)",
					"@executable_path/Frameworks",
				);
				PRODUCT_BUNDLE_IDENTIFIER = com.anyoneCanInvest123.ToDoList;
				PRODUCT_NAME = "$(TARGET_NAME)";
				SWIFT_VERSION = 5.0;
				TARGETED_DEVICE_FAMILY = "1,2";
			};
			name = Debug;
		};
		CD0858FD2282318500BFC0B6 /* Release */ = {
			isa = XCBuildConfiguration;
			baseConfigurationReference = 0316944FAD41955BE7E4CAE3 /* Pods-ToDoList.release.xcconfig */;
			buildSettings = {
				ASSETCATALOG_COMPILER_APPICON_NAME = AppIcon;
				CODE_SIGN_STYLE = Automatic;
				DEVELOPMENT_TEAM = BM593WNADM;
				INFOPLIST_FILE = ToDoList/Info.plist;
				LD_RUNPATH_SEARCH_PATHS = (
					"$(inherited)",
					"@executable_path/Frameworks",
				);
				PRODUCT_BUNDLE_IDENTIFIER = com.anyoneCanInvest123.ToDoList;
				PRODUCT_NAME = "$(TARGET_NAME)";
				SWIFT_VERSION = 5.0;
				TARGETED_DEVICE_FAMILY = "1,2";
			};
			name = Release;
		};
/* End XCBuildConfiguration section */

/* Begin XCConfigurationList section */
		CD0858E42282318300BFC0B6 /* Build configuration list for PBXProject "ToDoList" */ = {
			isa = XCConfigurationList;
			buildConfigurations = (
				CD0858F92282318500BFC0B6 /* Debug */,
				CD0858FA2282318500BFC0B6 /* Release */,
			);
			defaultConfigurationIsVisible = 0;
			defaultConfigurationName = Release;
		};
		CD0858FB2282318500BFC0B6 /* Build configuration list for PBXNativeTarget "ToDoList" */ = {
			isa = XCConfigurationList;
			buildConfigurations = (
				CD0858FC2282318500BFC0B6 /* Debug */,
				CD0858FD2282318500BFC0B6 /* Release */,
			);
			defaultConfigurationIsVisible = 0;
			defaultConfigurationName = Release;
		};
/* End XCConfigurationList section */
	};
	rootObject = CD0858E12282318300BFC0B6 /* Project object */;
}
